# This file is automatically @generated by Cargo.
# It is not intended for manual editing.
version = 4

[[package]]
name = "termixion-core"
version = "0.0.1"

[[package]]
name = "termixion-platform"
version = "0.0.1"
dependencies = [
 "termixion-core",
]

[[package]]
name = "termixion-tauri"
version = "0.0.1"
dependencies = [
 "termixion-core",
 "termixion-platform",
]
